// !$*UTF8*$!
{
	archiveVersion = 1;
	classes = {
	};
	objectVersion = 55;
	objects = {

/* Begin PBXBuildFile section */
		AC27E30D294EB10000B24B8C /* AroundApp.swift in Sources */ = {isa = PBXBuildFile; fileRef = AC27E30C294EB10000B24B8C /* AroundApp.swift */; };
		AC27E30F294EB10000B24B8C /* ContentView.swift in Sources */ = {isa = PBXBuildFile; fileRef = AC27E30E294EB10000B24B8C /* ContentView.swift */; };
		AC27E311294EB10400B24B8C /* Assets.xcassets in Resources */ = {isa = PBXBuildFile; fileRef = AC27E310294EB10400B24B8C /* Assets.xcassets */; };
		AC27E314294EB10400B24B8C /* Preview Assets.xcassets in Resources */ = {isa = PBXBuildFile; fileRef = AC27E313294EB10400B24B8C /* Preview Assets.xcassets */; };
		AC27E31F294EB10400B24B8C /* AroundTests.swift in Sources */ = {isa = PBXBuildFile; fileRef = AC27E31E294EB10400B24B8C /* AroundTests.swift */; };
		AC27E329294EB10400B24B8C /* AroundUITests.swift in Sources */ = {isa = PBXBuildFile; fileRef = AC27E328294EB10400B24B8C /* AroundUITests.swift */; };
		AC27E32B294EB10400B24B8C /* AroundUITestsLaunchTests.swift in Sources */ = {isa = PBXBuildFile; fileRef = AC27E32A294EB10400B24B8C /* AroundUITestsLaunchTests.swift */; };
/* End PBXBuildFile section */

/* Begin PBXContainerItemProxy section */
		AC27E31B294EB10400B24B8C /* PBXContainerItemProxy */ = {
			isa = PBXContainerItemProxy;
			containerPortal = AC27E301294EB10000B24B8C /* Project object */;
			proxyType = 1;
			remoteGlobalIDString = AC27E308294EB10000B24B8C;
			remoteInfo = Around;
		};
		AC27E325294EB10400B24B8C /* PBXContainerItemProxy */ = {
			isa = PBXContainerItemProxy;
			containerPortal = AC27E301294EB10000B24B8C /* Project object */;
			proxyType = 1;
			remoteGlobalIDString = AC27E308294EB10000B24B8C;
			remoteInfo = Around;
		};
/* End PBXContainerItemProxy section */

/* Begin PBXFileReference section */
		AC27E309294EB10000B24B8C /* Around.app */ = {isa = PBXFileReference; explicitFileType = wrapper.application; includeInIndex = 0; path = Around.app; sourceTree = BUILT_PRODUCTS_DIR; };
		AC27E30C294EB10000B24B8C /* AroundApp.swift */ = {isa = PBXFileReference; lastKnownFileType = sourcecode.swift; path = AroundApp.swift; sourceTree = "<group>"; };
		AC27E30E294EB10000B24B8C /* ContentView.swift */ = {isa = PBXFileReference; lastKnownFileType = sourcecode.swift; path = ContentView.swift; sourceTree = "<group>"; };
		AC27E310294EB10400B24B8C /* Assets.xcassets */ = {isa = PBXFileReference; lastKnownFileType = folder.assetcatalog; path = Assets.xcassets; sourceTree = "<group>"; };
		AC27E313294EB10400B24B8C /* Preview Assets.xcassets */ = {isa = PBXFileReference; lastKnownFileType = folder.assetcatalog; path = "Preview Assets.xcassets"; sourceTree = "<group>"; };
		AC27E315294EB10400B24B8C /* Around.entitlements */ = {isa = PBXFileReference; lastKnownFileType = text.plist.entitlements; path = Around.entitlements; sourceTree = "<group>"; };
		AC27E31A294EB10400B24B8C /* AroundTests.xctest */ = {isa = PBXFileReference; explicitFileType = wrapper.cfbundle; includeInIndex = 0; path = AroundTests.xctest; sourceTree = BUILT_PRODUCTS_DIR; };
		AC27E31E294EB10400B24B8C /* AroundTests.swift */ = {isa = PBXFileReference; lastKnownFileType = sourcecode.swift; path = AroundTests.swift; sourceTree = "<group>"; };
		AC27E324294EB10400B24B8C /* AroundUITests.xctest */ = {isa = PBXFileReference; explicitFileType = wrapper.cfbundle; includeInIndex = 0; path = AroundUITests.xctest; sourceTree = BUILT_PRODUCTS_DIR; };
		AC27E328294EB10400B24B8C /* AroundUITests.swift */ = {isa = PBXFileReference; lastKnownFileType = sourcecode.swift; path = AroundUITests.swift; sourceTree = "<group>"; };
		AC27E32A294EB10400B24B8C /* AroundUITestsLaunchTests.swift */ = {isa = PBXFileReference; lastKnownFileType = sourcecode.swift; path = AroundUITestsLaunchTests.swift; sourceTree = "<group>"; };
/* End PBXFileReference section */

/* Begin PBXFrameworksBuildPhase section */
		AC27E306294EB10000B24B8C /* Frameworks */ = {
			isa = PBXFrameworksBuildPhase;
			buildActionMask = 2147483647;
			files = (
			);
			runOnlyForDeploymentPostprocessing = 0;
		};
		AC27E317294EB10400B24B8C /* Frameworks */ = {
			isa = PBXFrameworksBuildPhase;
			buildActionMask = 2147483647;
			files = (
			);
			runOnlyForDeploymentPostprocessing = 0;
		};
		AC27E321294EB10400B24B8C /* Frameworks */ = {
			isa = PBXFrameworksBuildPhase;
			buildActionMask = 2147483647;
			files = (
			);
			runOnlyForDeploymentPostprocessing = 0;
		};
/* End PBXFrameworksBuildPhase section */

/* Begin PBXGroup section */
		AC27E300294EB10000B24B8C = {
			isa = PBXGroup;
			children = (
				AC27E30B294EB10000B24B8C /* Around */,
				AC27E31D294EB10400B24B8C /* AroundTests */,
				AC27E327294EB10400B24B8C /* AroundUITests */,
				AC27E30A294EB10000B24B8C /* Products */,
			);
			sourceTree = "<group>";
		};
		AC27E30A294EB10000B24B8C /* Products */ = {
			isa = PBXGroup;
			children = (
				AC27E309294EB10000B24B8C /* Around.app */,
				AC27E31A294EB10400B24B8C /* AroundTests.xctest */,
				AC27E324294EB10400B24B8C /* AroundUITests.xctest */,
			);
			name = Products;
			sourceTree = "<group>";
		};
		AC27E30B294EB10000B24B8C /* Around */ = {
			isa = PBXGroup;
			children = (
				AC27E30C294EB10000B24B8C /* AroundApp.swift */,
				AC27E30E294EB10000B24B8C /* ContentView.swift */,
				AC27E310294EB10400B24B8C /* Assets.xcassets */,
				AC27E315294EB10400B24B8C /* Around.entitlements */,
				AC27E312294EB10400B24B8C /* Preview Content */,
			);
			path = Around;
			sourceTree = "<group>";
		};
		AC27E312294EB10400B24B8C /* Preview Content */ = {
			isa = PBXGroup;
			children = (
				AC27E313294EB10400B24B8C /* Preview Assets.xcassets */,
			);
			path = "Preview Content";
			sourceTree = "<group>";
		};
		AC27E31D294EB10400B24B8C /* AroundTests */ = {
			isa = PBXGroup;
			children = (
				AC27E31E294EB10400B24B8C /* AroundTests.swift */,
			);
			path = AroundTests;
			sourceTree = "<group>";
		};
		AC27E327294EB10400B24B8C /* AroundUITests */ = {
			isa = PBXGroup;
			children = (
				AC27E328294EB10400B24B8C /* AroundUITests.swift */,
				AC27E32A294EB10400B24B8C /* AroundUITestsLaunchTests.swift */,
			);
			path = AroundUITests;
			sourceTree = "<group>";
		};
/* End PBXGroup section */

/* Begin PBXNativeTarget section */
		AC27E308294EB10000B24B8C /* Around */ = {
			isa = PBXNativeTarget;
			buildConfigurationList = AC27E32E294EB10400B24B8C /* Build configuration list for PBXNativeTarget "Around" */;
			buildPhases = (
				AC27E305294EB10000B24B8C /* Sources */,
				AC27E306294EB10000B24B8C /* Frameworks */,
				AC27E307294EB10000B24B8C /* Resources */,
			);
			buildRules = (
			);
			dependencies = (
			);
			name = Around;
			productName = Around;
			productReference = AC27E309294EB10000B24B8C /* Around.app */;
			productType = "com.apple.product-type.application";
		};
		AC27E319294EB10400B24B8C /* AroundTests */ = {
			isa = PBXNativeTarget;
			buildConfigurationList = AC27E331294EB10400B24B8C /* Build configuration list for PBXNativeTarget "AroundTests" */;
			buildPhases = (
				AC27E316294EB10400B24B8C /* Sources */,
				AC27E317294EB10400B24B8C /* Frameworks */,
				AC27E318294EB10400B24B8C /* Resources */,
			);
			buildRules = (
			);
			dependencies = (
				AC27E31C294EB10400B24B8C /* PBXTargetDependency */,
			);
			name = AroundTests;
			productName = AroundTests;
			productReference = AC27E31A294EB10400B24B8C /* AroundTests.xctest */;
			productType = "com.apple.product-type.bundle.unit-test";
		};
		AC27E323294EB10400B24B8C /* AroundUITests */ = {
			isa = PBXNativeTarget;
			buildConfigurationList = AC27E334294EB10400B24B8C /* Build configuration list for PBXNativeTarget "AroundUITests" */;
			buildPhases = (
				AC27E320294EB10400B24B8C /* Sources */,
				AC27E321294EB10400B24B8C /* Frameworks */,
				AC27E322294EB10400B24B8C /* Resources */,
			);
			buildRules = (
			);
			dependencies = (
				AC27E326294EB10400B24B8C /* PBXTargetDependency */,
			);
			name = AroundUITests;
			productName = AroundUITests;
			productReference = AC27E324294EB10400B24B8C /* AroundUITests.xctest */;
			productType = "com.apple.product-type.bundle.ui-testing";
		};
/* End PBXNativeTarget section */

/* Begin PBXProject section */
		AC27E301294EB10000B24B8C /* Project object */ = {
			isa = PBXProject;
			attributes = {
				BuildIndependentTargetsInParallel = 1;
				LastSwiftUpdateCheck = 1340;
				LastUpgradeCheck = 1340;
				TargetAttributes = {
					AC27E308294EB10000B24B8C = {
						CreatedOnToolsVersion = 13.4.1;
					};
					AC27E319294EB10400B24B8C = {
						CreatedOnToolsVersion = 13.4.1;
						TestTargetID = AC27E308294EB10000B24B8C;
					};
					AC27E323294EB10400B24B8C = {
						CreatedOnToolsVersion = 13.4.1;
						TestTargetID = AC27E308294EB10000B24B8C;
					};
				};
			};
			buildConfigurationList = AC27E304294EB10000B24B8C /* Build configuration list for PBXProject "Around" */;
			compatibilityVersion = "Xcode 13.0";
			developmentRegion = en;
			hasScannedForEncodings = 0;
			knownRegions = (
				en,
				Base,
			);
			mainGroup = AC27E300294EB10000B24B8C;
			productRefGroup = AC27E30A294EB10000B24B8C /* Products */;
			projectDirPath = "";
			projectRoot = "";
			targets = (
				AC27E308294EB10000B24B8C /* Around */,
				AC27E319294EB10400B24B8C /* AroundTests */,
				AC27E323294EB10400B24B8C /* AroundUITests */,
			);
		};
/* End PBXProject section */

/* Begin PBXResourcesBuildPhase section */
		AC27E307294EB10000B24B8C /* Resources */ = {
			isa = PBXResourcesBuildPhase;
			buildActionMask = 2147483647;
			files = (
				AC27E314294EB10400B24B8C /* Preview Assets.xcassets in Resources */,
				AC27E311294EB10400B24B8C /* Assets.xcassets in Resources */,
			);
			runOnlyForDeploymentPostprocessing = 0;
		};
		AC27E318294EB10400B24B8C /* Resources */ = {
			isa = PBXResourcesBuildPhase;
			buildActionMask = 2147483647;
			files = (
			);
			runOnlyForDeploymentPostprocessing = 0;
		};
		AC27E322294EB10400B24B8C /* Resources */ = {
			isa = PBXResourcesBuildPhase;
			buildActionMask = 2147483647;
			files = (
			);
			runOnlyForDeploymentPostprocessing = 0;
		};
/* End PBXResourcesBuildPhase section */

/* Begin PBXSourcesBuildPhase section */
		AC27E305294EB10000B24B8C /* Sources */ = {
			isa = PBXSourcesBuildPhase;
			buildActionMask = 2147483647;
			files = (
				AC27E30F294EB10000B24B8C /* ContentView.swift in Sources */,
				AC27E30D294EB10000B24B8C /* AroundApp.swift in Sources */,
			);
			runOnlyForDeploymentPostprocessing = 0;
		};
		AC27E316294EB10400B24B8C /* Sources */ = {
			isa = PBXSourcesBuildPhase;
			buildActionMask = 2147483647;
			files = (
				AC27E31F294EB10400B24B8C /* AroundTests.swift in Sources */,
			);
			runOnlyForDeploymentPostprocessing = 0;
		};
		AC27E320294EB10400B24B8C /* Sources */ = {
			isa = PBXSourcesBuildPhase;
			buildActionMask = 2147483647;
			files = (
				AC27E329294EB10400B24B8C /* AroundUITests.swift in Sources */,
				AC27E32B294EB10400B24B8C /* AroundUITestsLaunchTests.swift in Sources */,
			);
			runOnlyForDeploymentPostprocessing = 0;
		};
/* End PBXSourcesBuildPhase section */

/* Begin PBXTargetDependency section */
		AC27E31C294EB10400B24B8C /* PBXTargetDependency */ = {
			isa = PBXTargetDependency;
			target = AC27E308294EB10000B24B8C /* Around */;
			targetProxy = AC27E31B294EB10400B24B8C /* PBXContainerItemProxy */;
		};
		AC27E326294EB10400B24B8C /* PBXTargetDependency */ = {
			isa = PBXTargetDependency;
			target = AC27E308294EB10000B24B8C /* Around */;
			targetProxy = AC27E325294EB10400B24B8C /* PBXContainerItemProxy */;
		};
/* End PBXTargetDependency section */

/* Begin XCBuildConfiguration section */
		AC27E32C294EB10400B24B8C /* Debug */ = {
			isa = XCBuildConfiguration;
			buildSettings = {
				ALWAYS_SEARCH_USER_PATHS = NO;
				CLANG_ANALYZER_NONNULL = YES;
				CLANG_ANALYZER_NUMBER_OBJECT_CONVERSION = YES_AGGRESSIVE;
				CLANG_CXX_LANGUAGE_STANDARD = "gnu++17";
				CLANG_ENABLE_MODULES = YES;
				CLANG_ENABLE_OBJC_ARC = YES;
				CLANG_ENABLE_OBJC_WEAK = YES;
				CLANG_WARN_BLOCK_CAPTURE_AUTORELEASING = YES;
				CLANG_WARN_BOOL_CONVERSION = YES;
				CLANG_WARN_COMMA = YES;
				CLANG_WARN_CONSTANT_CONVERSION = YES;
				CLANG_WARN_DEPRECATED_OBJC_IMPLEMENTATIONS = YES;
				CLANG_WARN_DIRECT_OBJC_ISA_USAGE = YES_ERROR;
				CLANG_WARN_DOCUMENTATION_COMMENTS = YES;
				CLANG_WARN_EMPTY_BODY = YES;
				CLANG_WARN_ENUM_CONVERSION = YES;
				CLANG_WARN_INFINITE_RECURSION = YES;
				CLANG_WARN_INT_CONVERSION = YES;
				CLANG_WARN_NON_LITERAL_NULL_CONVERSION = YES;
				CLANG_WARN_OBJC_IMPLICIT_RETAIN_SELF = YES;
				CLANG_WARN_OBJC_LITERAL_CONVERSION = YES;
				CLANG_WARN_OBJC_ROOT_CLASS = YES_ERROR;
				CLANG_WARN_QUOTED_INCLUDE_IN_FRAMEWORK_HEADER = YES;
				CLANG_WARN_RANGE_LOOP_ANALYSIS = YES;
				CLANG_WARN_STRICT_PROTOTYPES = YES;
				CLANG_WARN_SUSPICIOUS_MOVE = YES;
				CLANG_WARN_UNGUARDED_AVAILABILITY = YES_AGGRESSIVE;
				CLANG_WARN_UNREACHABLE_CODE = YES;
				CLANG_WARN__DUPLICATE_METHOD_MATCH = YES;
				COPY_PHASE_STRIP = NO;
				DEBUG_INFORMATION_FORMAT = dwarf;
				ENABLE_STRICT_OBJC_MSGSEND = YES;
				ENABLE_TESTABILITY = YES;
				GCC_C_LANGUAGE_STANDARD = gnu11;
				GCC_DYNAMIC_NO_PIC = NO;
				GCC_NO_COMMON_BLOCKS = YES;
				GCC_OPTIMIZATION_LEVEL = 0;
				GCC_PREPROCESSOR_DEFINITIONS = (
					"DEBUG=1",
					"$(inherited)",
				);
				GCC_WARN_64_TO_32_BIT_CONVERSION = YES;
				GCC_WARN_ABOUT_RETURN_TYPE = YES_ERROR;
				GCC_WARN_UNDECLARED_SELECTOR = YES;
				GCC_WARN_UNINITIALIZED_AUTOS = YES_AGGRESSIVE;
				GCC_WARN_UNUSED_FUNCTION = YES;
				GCC_WARN_UNUSED_VARIABLE = YES;
				MACOSX_DEPLOYMENT_TARGET = 12.3;
				MTL_ENABLE_DEBUG_INFO = INCLUDE_SOURCE;
				MTL_FAST_MATH = YES;
				ONLY_ACTIVE_ARCH = YES;
				SDKROOT = macosx;
				SWIFT_ACTIVE_COMPILATION_CONDITIONS = DEBUG;
				SWIFT_OPTIMIZATION_LEVEL = "-Onone";
			};
			name = Debug;
		};
		AC27E32D294EB10400B24B8C /* Release */ = {
			isa = XCBuildConfiguration;
			buildSettings = {
				ALWAYS_SEARCH_USER_PATHS = NO;
				CLANG_ANALYZER_NONNULL = YES;
				CLANG_ANALYZER_NUMBER_OBJECT_CONVERSION = YES_AGGRESSIVE;
				CLANG_CXX_LANGUAGE_STANDARD = "gnu++17";
				CLANG_ENABLE_MODULES = YES;
				CLANG_ENABLE_OBJC_ARC = YES;
				CLANG_ENABLE_OBJC_WEAK = YES;
				CLANG_WARN_BLOCK_CAPTURE_AUTORELEASING = YES;
				CLANG_WARN_BOOL_CONVERSION = YES;
				CLANG_WARN_COMMA = YES;
				CLANG_WARN_CONSTANT_CONVERSION = YES;
				CLANG_WARN_DEPRECATED_OBJC_IMPLEMENTATIONS = YES;
				CLANG_WARN_DIRECT_OBJC_ISA_USAGE = YES_ERROR;
				CLANG_WARN_DOCUMENTATION_COMMENTS = YES;
				CLANG_WARN_EMPTY_BODY = YES;
				CLANG_WARN_ENUM_CONVERSION = YES;
				CLANG_WARN_INFINITE_RECURSION = YES;
				CLANG_WARN_INT_CONVERSION = YES;
				CLANG_WARN_NON_LITERAL_NULL_CONVERSION = YES;
				CLANG_WARN_OBJC_IMPLICIT_RETAIN_SELF = YES;
				CLANG_WARN_OBJC_LITERAL_CONVERSION = YES;
				CLANG_WARN_OBJC_ROOT_CLASS = YES_ERROR;
				CLANG_WARN_QUOTED_INCLUDE_IN_FRAMEWORK_HEADER = YES;
				CLANG_WARN_RANGE_LOOP_ANALYSIS = YES;
				CLANG_WARN_STRICT_PROTOTYPES = YES;
				CLANG_WARN_SUSPICIOUS_MOVE = YES;
				CLANG_WARN_UNGUARDED_AVAILABILITY = YES_AGGRESSIVE;
				CLANG_WARN_UNREACHABLE_CODE = YES;
				CLANG_WARN__DUPLICATE_METHOD_MATCH = YES;
				COPY_PHASE_STRIP = NO;
				DEBUG_INFORMATION_FORMAT = "dwarf-with-dsym";
				ENABLE_NS_ASSERTIONS = NO;
				ENABLE_STRICT_OBJC_MSGSEND = YES;
				GCC_C_LANGUAGE_STANDARD = gnu11;
				GCC_NO_COMMON_BLOCKS = YES;
				GCC_WARN_64_TO_32_BIT_CONVERSION = YES;
				GCC_WARN_ABOUT_RETURN_TYPE = YES_ERROR;
				GCC_WARN_UNDECLARED_SELECTOR = YES;
				GCC_WARN_UNINITIALIZED_AUTOS = YES_AGGRESSIVE;
				GCC_WARN_UNUSED_FUNCTION = YES;
				GCC_WARN_UNUSED_VARIABLE = YES;
				MACOSX_DEPLOYMENT_TARGET = 12.3;
				MTL_ENABLE_DEBUG_INFO = NO;
				MTL_FAST_MATH = YES;
				SDKROOT = macosx;
				SWIFT_COMPILATION_MODE = wholemodule;
				SWIFT_OPTIMIZATION_LEVEL = "-O";
			};
			name = Release;
		};
		AC27E32F294EB10400B24B8C /* Debug */ = {
			isa = XCBuildConfiguration;
			buildSettings = {
				ASSETCATALOG_COMPILER_APPICON_NAME = AppIcon;
				ASSETCATALOG_COMPILER_GLOBAL_ACCENT_COLOR_NAME = AccentColor;
				CODE_SIGN_ENTITLEMENTS = Around/Around.entitlements;
				CODE_SIGN_STYLE = Automatic;
				COMBINE_HIDPI_IMAGES = YES;
				CURRENT_PROJECT_VERSION = 1;
				DEVELOPMENT_ASSET_PATHS = "\"Around/Preview Content\"";
				ENABLE_PREVIEWS = YES;
				GENERATE_INFOPLIST_FILE = YES;
				INFOPLIST_KEY_NSHumanReadableCopyright = "";
				LD_RUNPATH_SEARCH_PATHS = (
					"$(inherited)",
					"@executable_path/../Frameworks",
				);
				MARKETING_VERSION = 1.0;
				PRODUCT_BUNDLE_IDENTIFIER = Test.Around;
				PRODUCT_NAME = "$(TARGET_NAME)";
				SWIFT_EMIT_LOC_STRINGS = YES;
				SWIFT_VERSION = 5.0;
			};
			name = Debug;
		};
		AC27E330294EB10400B24B8C /* Release */ = {
			isa = XCBuildConfiguration;
			buildSettings = {
				ASSETCATALOG_COMPILER_APPICON_NAME = AppIcon;
				ASSETCATALOG_COMPILER_GLOBAL_ACCENT_COLOR_NAME = AccentColor;
				CODE_SIGN_ENTITLEMENTS = Around/Around.entitlements;
				CODE_SIGN_STYLE = Automatic;
				COMBINE_HIDPI_IMAGES = YES;
				CURRENT_PROJECT_VERSION = 1;
				DEVELOPMENT_ASSET_PATHS = "\"Around/Preview Content\"";
				ENABLE_PREVIEWS = YES;
				GENERATE_INFOPLIST_FILE = YES;
				INFOPLIST_KEY_NSHumanReadableCopyright = "";
				LD_RUNPATH_SEARCH_PATHS = (
					"$(inherited)",
					"@executable_path/../Frameworks",
				);
				MARKETING_VERSION = 1.0;
				PRODUCT_BUNDLE_IDENTIFIER = Test.Around;
				PRODUCT_NAME = "$(TARGET_NAME)";
				SWIFT_EMIT_LOC_STRINGS = YES;
				SWIFT_VERSION = 5.0;
			};
			name = Release;
		};
		AC27E332294EB10400B24B8C /* Debug */ = {
			isa = XCBuildConfiguration;
			buildSettings = {
				ALWAYS_EMBED_SWIFT_STANDARD_LIBRARIES = YES;
				BUNDLE_LOADER = "$(TEST_HOST)";
				CODE_SIGN_STYLE = Automatic;
				CURRENT_PROJECT_VERSION = 1;
				GENERATE_INFOPLIST_FILE = YES;
				MACOSX_DEPLOYMENT_TARGET = 12.3;
				MARKETING_VERSION = 1.0;
				PRODUCT_BUNDLE_IDENTIFIER = Test.AroundTests;
				PRODUCT_NAME = "$(TARGET_NAME)";
				SWIFT_EMIT_LOC_STRINGS = NO;
				SWIFT_VERSION = 5.0;
				TEST_HOST = "$(BUILT_PRODUCTS_DIR)/Around.app/Contents/MacOS/Around";
			};
			name = Debug;
		};
		AC27E333294EB10400B24B8C /* Release */ = {
			isa = XCBuildConfiguration;
			buildSettings = {
				ALWAYS_EMBED_SWIFT_STANDARD_LIBRARIES = YES;
				BUNDLE_LOADER = "$(TEST_HOST)";
				CODE_SIGN_STYLE = Automatic;
				CURRENT_PROJECT_VERSION = 1;
				GENERATE_INFOPLIST_FILE = YES;
				MACOSX_DEPLOYMENT_TARGET = 12.3;
				MARKETING_VERSION = 1.0;
				PRODUCT_BUNDLE_IDENTIFIER = Test.AroundTests;
				PRODUCT_NAME = "$(TARGET_NAME)";
				SWIFT_EMIT_LOC_STRINGS = NO;
				SWIFT_VERSION = 5.0;
				TEST_HOST = "$(BUILT_PRODUCTS_DIR)/Around.app/Contents/MacOS/Around";
			};
			name = Release;
		};
		AC27E335294EB10400B24B8C /* Debug */ = {
			isa = XCBuildConfiguration;
			buildSettings = {
				ALWAYS_EMBED_SWIFT_STANDARD_LIBRARIES = YES;
				CODE_SIGN_STYLE = Automatic;
				CURRENT_PROJECT_VERSION = 1;
				GENERATE_INFOPLIST_FILE = YES;
				MARKETING_VERSION = 1.0;
				PRODUCT_BUNDLE_IDENTIFIER = Test.AroundUITests;
				PRODUCT_NAME = "$(TARGET_NAME)";
				SWIFT_EMIT_LOC_STRINGS = NO;
				SWIFT_VERSION = 5.0;
				TEST_TARGET_NAME = Around;
			};
			name = Debug;
		};
		AC27E336294EB10400B24B8C /* Release */ = {
			isa = XCBuildConfiguration;
			buildSettings = {
				ALWAYS_EMBED_SWIFT_STANDARD_LIBRARIES = YES;
				CODE_SIGN_STYLE = Automatic;
				CURRENT_PROJECT_VERSION = 1;
				GENERATE_INFOPLIST_FILE = YES;
				MARKETING_VERSION = 1.0;
				PRODUCT_BUNDLE_IDENTIFIER = Test.AroundUITests;
				PRODUCT_NAME = "$(TARGET_NAME)";
				SWIFT_EMIT_LOC_STRINGS = NO;
				SWIFT_VERSION = 5.0;
				TEST_TARGET_NAME = Around;
			};
			name = Release;
		};
/* End XCBuildConfiguration section */

/* Begin XCConfigurationList section */
		AC27E304294EB10000B24B8C /* Build configuration list for PBXProject "Around" */ = {
			isa = XCConfigurationList;
			buildConfigurations = (
				AC27E32C294EB10400B24B8C /* Debug */,
				AC27E32D294EB10400B24B8C /* Release */,
			);
			defaultConfigurationIsVisible = 0;
			defaultConfigurationName = Release;
		};
		AC27E32E294EB10400B24B8C /* Build configuration list for PBXNativeTarget "Around" */ = {
			isa = XCConfigurationList;
			buildConfigurations = (
				AC27E32F294EB10400B24B8C /* Debug */,
				AC27E330294EB10400B24B8C /* Release */,
			);
			defaultConfigurationIsVisible = 0;
			defaultConfigurationName = Release;
		};
		AC27E331294EB10400B24B8C /* Build configuration list for PBXNativeTarget "AroundTests" */ = {
			isa = XCConfigurationList;
			buildConfigurations = (
				AC27E332294EB10400B24B8C /* Debug */,
				AC27E333294EB10400B24B8C /* Release */,
			);
			defaultConfigurationIsVisible = 0;
			defaultConfigurationName = Release;
		};
		AC27E334294EB10400B24B8C /* Build configuration list for PBXNativeTarget "AroundUITests" */ = {
			isa = XCConfigurationList;
			buildConfigurations = (
				AC27E335294EB10400B24B8C /* Debug */,
				AC27E336294EB10400B24B8C /* Release */,
			);
			defaultConfigurationIsVisible = 0;
			defaultConfigurationName = Release;
		};
/* End XCConfigurationList section */
	};
	rootObject = AC27E301294EB10000B24B8C /* Project object */;
}
