// !$*UTF8*$!
{
	archiveVersion = 1;
	classes = {
	};
	objectVersion = 56;
	objects = {

/* Begin PBXBuildFile section */
		38D1AE9E2950186600B5E797 /* Dub_AppApp.swift in Sources */ = {isa = PBXBuildFile; fileRef = 38D1AE9D2950186600B5E797 /* Dub_AppApp.swift */; };
		38D1AEA02950186600B5E797 /* ContentView.swift in Sources */ = {isa = PBXBuildFile; fileRef = 38D1AE9F2950186600B5E797 /* ContentView.swift */; };
		38D1AEA22950186700B5E797 /* Assets.xcassets in Resources */ = {isa = PBXBuildFile; fileRef = 38D1AEA12950186700B5E797 /* Assets.xcassets */; };
		38D1AEA52950186700B5E797 /* Preview Assets.xcassets in Resources */ = {isa = PBXBuildFile; fileRef = 38D1AEA42950186700B5E797 /* Preview Assets.xcassets */; };
		38D1AEAF2950186700B5E797 /* Dub_AppTests.swift in Sources */ = {isa = PBXBuildFile; fileRef = 38D1AEAE2950186700B5E797 /* Dub_AppTests.swift */; };
		38D1AEB92950186700B5E797 /* Dub_AppUITests.swift in Sources */ = {isa = PBXBuildFile; fileRef = 38D1AEB82950186700B5E797 /* Dub_AppUITests.swift */; };
		38D1AEBB2950186700B5E797 /* Dub_AppUITestsLaunchTests.swift in Sources */ = {isa = PBXBuildFile; fileRef = 38D1AEBA2950186700B5E797 /* Dub_AppUITestsLaunchTests.swift */; };
/* End PBXBuildFile section */

/* Begin PBXContainerItemProxy section */
		38D1AEAB2950186700B5E797 /* PBXContainerItemProxy */ = {
			isa = PBXContainerItemProxy;
			containerPortal = 38D1AE922950186600B5E797 /* Project object */;
			proxyType = 1;
			remoteGlobalIDString = 38D1AE992950186600B5E797;
			remoteInfo = "Dub App";
		};
		38D1AEB52950186700B5E797 /* PBXContainerItemProxy */ = {
			isa = PBXContainerItemProxy;
			containerPortal = 38D1AE922950186600B5E797 /* Project object */;
			proxyType = 1;
			remoteGlobalIDString = 38D1AE992950186600B5E797;
			remoteInfo = "Dub App";
		};
/* End PBXContainerItemProxy section */

/* Begin PBXFileReference section */
		38D1AE9A2950186600B5E797 /* Dub App.app */ = {isa = PBXFileReference; explicitFileType = wrapper.application; includeInIndex = 0; path = "Dub App.app"; sourceTree = BUILT_PRODUCTS_DIR; };
		38D1AE9D2950186600B5E797 /* Dub_AppApp.swift */ = {isa = PBXFileReference; lastKnownFileType = sourcecode.swift; path = Dub_AppApp.swift; sourceTree = "<group>"; };
		38D1AE9F2950186600B5E797 /* ContentView.swift */ = {isa = PBXFileReference; lastKnownFileType = sourcecode.swift; path = ContentView.swift; sourceTree = "<group>"; };
		38D1AEA12950186700B5E797 /* Assets.xcassets */ = {isa = PBXFileReference; lastKnownFileType = folder.assetcatalog; path = Assets.xcassets; sourceTree = "<group>"; };
		38D1AEA42950186700B5E797 /* Preview Assets.xcassets */ = {isa = PBXFileReference; lastKnownFileType = folder.assetcatalog; path = "Preview Assets.xcassets"; sourceTree = "<group>"; };
		38D1AEAA2950186700B5E797 /* Dub AppTests.xctest */ = {isa = PBXFileReference; explicitFileType = wrapper.cfbundle; includeInIndex = 0; path = "Dub AppTests.xctest"; sourceTree = BUILT_PRODUCTS_DIR; };
		38D1AEAE2950186700B5E797 /* Dub_AppTests.swift */ = {isa = PBXFileReference; lastKnownFileType = sourcecode.swift; path = Dub_AppTests.swift; sourceTree = "<group>"; };
		38D1AEB42950186700B5E797 /* Dub AppUITests.xctest */ = {isa = PBXFileReference; explicitFileType = wrapper.cfbundle; includeInIndex = 0; path = "Dub AppUITests.xctest"; sourceTree = BUILT_PRODUCTS_DIR; };
		38D1AEB82950186700B5E797 /* Dub_AppUITests.swift */ = {isa = PBXFileReference; lastKnownFileType = sourcecode.swift; path = Dub_AppUITests.swift; sourceTree = "<group>"; };
		38D1AEBA2950186700B5E797 /* Dub_AppUITestsLaunchTests.swift */ = {isa = PBXFileReference; lastKnownFileType = sourcecode.swift; path = Dub_AppUITestsLaunchTests.swift; sourceTree = "<group>"; };
/* End PBXFileReference section */

/* Begin PBXFrameworksBuildPhase section */
		38D1AE972950186600B5E797 /* Frameworks */ = {
			isa = PBXFrameworksBuildPhase;
			buildActionMask = 2147483647;
			files = (
			);
			runOnlyForDeploymentPostprocessing = 0;
		};
		38D1AEA72950186700B5E797 /* Frameworks */ = {
			isa = PBXFrameworksBuildPhase;
			buildActionMask = 2147483647;
			files = (
			);
			runOnlyForDeploymentPostprocessing = 0;
		};
		38D1AEB12950186700B5E797 /* Frameworks */ = {
			isa = PBXFrameworksBuildPhase;
			buildActionMask = 2147483647;
			files = (
			);
			runOnlyForDeploymentPostprocessing = 0;
		};
/* End PBXFrameworksBuildPhase section */

/* Begin PBXGroup section */
		38D1AE912950186600B5E797 = {
			isa = PBXGroup;
			children = (
				38D1AE9C2950186600B5E797 /* Dub App */,
				38D1AEAD2950186700B5E797 /* Dub AppTests */,
				38D1AEB72950186700B5E797 /* Dub AppUITests */,
				38D1AE9B2950186600B5E797 /* Products */,
			);
			sourceTree = "<group>";
		};
		38D1AE9B2950186600B5E797 /* Products */ = {
			isa = PBXGroup;
			children = (
				38D1AE9A2950186600B5E797 /* Dub App.app */,
				38D1AEAA2950186700B5E797 /* Dub AppTests.xctest */,
				38D1AEB42950186700B5E797 /* Dub AppUITests.xctest */,
			);
			name = Products;
			sourceTree = "<group>";
		};
		38D1AE9C2950186600B5E797 /* Dub App */ = {
			isa = PBXGroup;
			children = (
				38D1AE9D2950186600B5E797 /* Dub_AppApp.swift */,
				38D1AE9F2950186600B5E797 /* ContentView.swift */,
				38D1AEA12950186700B5E797 /* Assets.xcassets */,
				38D1AEA32950186700B5E797 /* Preview Content */,
			);
			path = "Dub App";
			sourceTree = "<group>";
		};
		38D1AEA32950186700B5E797 /* Preview Content */ = {
			isa = PBXGroup;
			children = (
				38D1AEA42950186700B5E797 /* Preview Assets.xcassets */,
			);
			path = "Preview Content";
			sourceTree = "<group>";
		};
		38D1AEAD2950186700B5E797 /* Dub AppTests */ = {
			isa = PBXGroup;
			children = (
				38D1AEAE2950186700B5E797 /* Dub_AppTests.swift */,
			);
			path = "Dub AppTests";
			sourceTree = "<group>";
		};
		38D1AEB72950186700B5E797 /* Dub AppUITests */ = {
			isa = PBXGroup;
			children = (
				38D1AEB82950186700B5E797 /* Dub_AppUITests.swift */,
				38D1AEBA2950186700B5E797 /* Dub_AppUITestsLaunchTests.swift */,
			);
			path = "Dub AppUITests";
			sourceTree = "<group>";
		};
/* End PBXGroup section */

/* Begin PBXNativeTarget section */
		38D1AE992950186600B5E797 /* Dub App */ = {
			isa = PBXNativeTarget;
			buildConfigurationList = 38D1AEBE2950186700B5E797 /* Build configuration list for PBXNativeTarget "Dub App" */;
			buildPhases = (
				38D1AE962950186600B5E797 /* Sources */,
				38D1AE972950186600B5E797 /* Frameworks */,
				38D1AE982950186600B5E797 /* Resources */,
			);
			buildRules = (
			);
			dependencies = (
			);
			name = "Dub App";
			productName = "Dub App";
			productReference = 38D1AE9A2950186600B5E797 /* Dub App.app */;
			productType = "com.apple.product-type.application";
		};
		38D1AEA92950186700B5E797 /* Dub AppTests */ = {
			isa = PBXNativeTarget;
			buildConfigurationList = 38D1AEC12950186700B5E797 /* Build configuration list for PBXNativeTarget "Dub AppTests" */;
			buildPhases = (
				38D1AEA62950186700B5E797 /* Sources */,
				38D1AEA72950186700B5E797 /* Frameworks */,
				38D1AEA82950186700B5E797 /* Resources */,
			);
			buildRules = (
			);
			dependencies = (
				38D1AEAC2950186700B5E797 /* PBXTargetDependency */,
			);
			name = "Dub AppTests";
			productName = "Dub AppTests";
			productReference = 38D1AEAA2950186700B5E797 /* Dub AppTests.xctest */;
			productType = "com.apple.product-type.bundle.unit-test";
		};
		38D1AEB32950186700B5E797 /* Dub AppUITests */ = {
			isa = PBXNativeTarget;
			buildConfigurationList = 38D1AEC42950186700B5E797 /* Build configuration list for PBXNativeTarget "Dub AppUITests" */;
			buildPhases = (
				38D1AEB02950186700B5E797 /* Sources */,
				38D1AEB12950186700B5E797 /* Frameworks */,
				38D1AEB22950186700B5E797 /* Resources */,
			);
			buildRules = (
			);
			dependencies = (
				38D1AEB62950186700B5E797 /* PBXTargetDependency */,
			);
			name = "Dub AppUITests";
			productName = "Dub AppUITests";
			productReference = 38D1AEB42950186700B5E797 /* Dub AppUITests.xctest */;
			productType = "com.apple.product-type.bundle.ui-testing";
		};
/* End PBXNativeTarget section */

/* Begin PBXProject section */
		38D1AE922950186600B5E797 /* Project object */ = {
			isa = PBXProject;
			attributes = {
				BuildIndependentTargetsInParallel = 1;
				LastSwiftUpdateCheck = 1420;
				LastUpgradeCheck = 1420;
				TargetAttributes = {
					38D1AE992950186600B5E797 = {
						CreatedOnToolsVersion = 14.2;
					};
					38D1AEA92950186700B5E797 = {
						CreatedOnToolsVersion = 14.2;
						TestTargetID = 38D1AE992950186600B5E797;
					};
					38D1AEB32950186700B5E797 = {
						CreatedOnToolsVersion = 14.2;
						TestTargetID = 38D1AE992950186600B5E797;
					};
				};
			};
			buildConfigurationList = 38D1AE952950186600B5E797 /* Build configuration list for PBXProject "Dub App" */;
			compatibilityVersion = "Xcode 14.0";
			developmentRegion = en;
			hasScannedForEncodings = 0;
			knownRegions = (
				en,
				Base,
			);
			mainGroup = 38D1AE912950186600B5E797;
			productRefGroup = 38D1AE9B2950186600B5E797 /* Products */;
			projectDirPath = "";
			projectRoot = "";
			targets = (
				38D1AE992950186600B5E797 /* Dub App */,
				38D1AEA92950186700B5E797 /* Dub AppTests */,
				38D1AEB32950186700B5E797 /* Dub AppUITests */,
			);
		};
/* End PBXProject section */

/* Begin PBXResourcesBuildPhase section */
		38D1AE982950186600B5E797 /* Resources */ = {
			isa = PBXResourcesBuildPhase;
			buildActionMask = 2147483647;
			files = (
				38D1AEA52950186700B5E797 /* Preview Assets.xcassets in Resources */,
				38D1AEA22950186700B5E797 /* Assets.xcassets in Resources */,
			);
			runOnlyForDeploymentPostprocessing = 0;
		};
		38D1AEA82950186700B5E797 /* Resources */ = {
			isa = PBXResourcesBuildPhase;
			buildActionMask = 2147483647;
			files = (
			);
			runOnlyForDeploymentPostprocessing = 0;
		};
		38D1AEB22950186700B5E797 /* Resources */ = {
			isa = PBXResourcesBuildPhase;
			buildActionMask = 2147483647;
			files = (
			);
			runOnlyForDeploymentPostprocessing = 0;
		};
/* End PBXResourcesBuildPhase section */

/* Begin PBXSourcesBuildPhase section */
		38D1AE962950186600B5E797 /* Sources */ = {
			isa = PBXSourcesBuildPhase;
			buildActionMask = 2147483647;
			files = (
				38D1AEA02950186600B5E797 /* ContentView.swift in Sources */,
				38D1AE9E2950186600B5E797 /* Dub_AppApp.swift in Sources */,
			);
			runOnlyForDeploymentPostprocessing = 0;
		};
		38D1AEA62950186700B5E797 /* Sources */ = {
			isa = PBXSourcesBuildPhase;
			buildActionMask = 2147483647;
			files = (
				38D1AEAF2950186700B5E797 /* Dub_AppTests.swift in Sources */,
			);
			runOnlyForDeploymentPostprocessing = 0;
		};
		38D1AEB02950186700B5E797 /* Sources */ = {
			isa = PBXSourcesBuildPhase;
			buildActionMask = 2147483647;
			files = (
				38D1AEBB2950186700B5E797 /* Dub_AppUITestsLaunchTests.swift in Sources */,
				38D1AEB92950186700B5E797 /* Dub_AppUITests.swift in Sources */,
			);
			runOnlyForDeploymentPostprocessing = 0;
		};
/* End PBXSourcesBuildPhase section */

/* Begin PBXTargetDependency section */
		38D1AEAC2950186700B5E797 /* PBXTargetDependency */ = {
			isa = PBXTargetDependency;
			target = 38D1AE992950186600B5E797 /* Dub App */;
			targetProxy = 38D1AEAB2950186700B5E797 /* PBXContainerItemProxy */;
		};
		38D1AEB62950186700B5E797 /* PBXTargetDependency */ = {
			isa = PBXTargetDependency;
			target = 38D1AE992950186600B5E797 /* Dub App */;
			targetProxy = 38D1AEB52950186700B5E797 /* PBXContainerItemProxy */;
		};
/* End PBXTargetDependency section */

/* Begin XCBuildConfiguration section */
		38D1AEBC2950186700B5E797 /* Debug */ = {
			isa = XCBuildConfiguration;
			buildSettings = {
				ALWAYS_SEARCH_USER_PATHS = NO;
				CLANG_ANALYZER_NONNULL = YES;
				CLANG_ANALYZER_NUMBER_OBJECT_CONVERSION = YES_AGGRESSIVE;
				CLANG_CXX_LANGUAGE_STANDARD = "gnu++20";
				CLANG_ENABLE_MODULES = YES;
				CLANG_ENABLE_OBJC_ARC = YES;
				CLANG_ENABLE_OBJC_WEAK = YES;
				CLANG_WARN_BLOCK_CAPTURE_AUTORELEASING = YES;
				CLANG_WARN_BOOL_CONVERSION = YES;
				CLANG_WARN_COMMA = YES;
				CLANG_WARN_CONSTANT_CONVERSION = YES;
				CLANG_WARN_DEPRECATED_OBJC_IMPLEMENTATIONS = YES;
				CLANG_WARN_DIRECT_OBJC_ISA_USAGE = YES_ERROR;
				CLANG_WARN_DOCUMENTATION_COMMENTS = YES;
				CLANG_WARN_EMPTY_BODY = YES;
				CLANG_WARN_ENUM_CONVERSION = YES;
				CLANG_WARN_INFINITE_RECURSION = YES;
				CLANG_WARN_INT_CONVERSION = YES;
				CLANG_WARN_NON_LITERAL_NULL_CONVERSION = YES;
				CLANG_WARN_OBJC_IMPLICIT_RETAIN_SELF = YES;
				CLANG_WARN_OBJC_LITERAL_CONVERSION = YES;
				CLANG_WARN_OBJC_ROOT_CLASS = YES_ERROR;
				CLANG_WARN_QUOTED_INCLUDE_IN_FRAMEWORK_HEADER = YES;
				CLANG_WARN_RANGE_LOOP_ANALYSIS = YES;
				CLANG_WARN_STRICT_PROTOTYPES = YES;
				CLANG_WARN_SUSPICIOUS_MOVE = YES;
				CLANG_WARN_UNGUARDED_AVAILABILITY = YES_AGGRESSIVE;
				CLANG_WARN_UNREACHABLE_CODE = YES;
				CLANG_WARN__DUPLICATE_METHOD_MATCH = YES;
				COPY_PHASE_STRIP = NO;
				DEBUG_INFORMATION_FORMAT = dwarf;
				ENABLE_STRICT_OBJC_MSGSEND = YES;
				ENABLE_TESTABILITY = YES;
				GCC_C_LANGUAGE_STANDARD = gnu11;
				GCC_DYNAMIC_NO_PIC = NO;
				GCC_NO_COMMON_BLOCKS = YES;
				GCC_OPTIMIZATION_LEVEL = 0;
				GCC_PREPROCESSOR_DEFINITIONS = (
					"DEBUG=1",
					"$(inherited)",
				);
				GCC_WARN_64_TO_32_BIT_CONVERSION = YES;
				GCC_WARN_ABOUT_RETURN_TYPE = YES_ERROR;
				GCC_WARN_UNDECLARED_SELECTOR = YES;
				GCC_WARN_UNINITIALIZED_AUTOS = YES_AGGRESSIVE;
				GCC_WARN_UNUSED_FUNCTION = YES;
				GCC_WARN_UNUSED_VARIABLE = YES;
				IPHONEOS_DEPLOYMENT_TARGET = 16.2;
				MTL_ENABLE_DEBUG_INFO = INCLUDE_SOURCE;
				MTL_FAST_MATH = YES;
				ONLY_ACTIVE_ARCH = YES;
				SDKROOT = iphoneos;
				SWIFT_ACTIVE_COMPILATION_CONDITIONS = DEBUG;
				SWIFT_OPTIMIZATION_LEVEL = "-Onone";
			};
			name = Debug;
		};
		38D1AEBD2950186700B5E797 /* Release */ = {
			isa = XCBuildConfiguration;
			buildSettings = {
				ALWAYS_SEARCH_USER_PATHS = NO;
				CLANG_ANALYZER_NONNULL = YES;
				CLANG_ANALYZER_NUMBER_OBJECT_CONVERSION = YES_AGGRESSIVE;
				CLANG_CXX_LANGUAGE_STANDARD = "gnu++20";
				CLANG_ENABLE_MODULES = YES;
				CLANG_ENABLE_OBJC_ARC = YES;
				CLANG_ENABLE_OBJC_WEAK = YES;
				CLANG_WARN_BLOCK_CAPTURE_AUTORELEASING = YES;
				CLANG_WARN_BOOL_CONVERSION = YES;
				CLANG_WARN_COMMA = YES;
				CLANG_WARN_CONSTANT_CONVERSION = YES;
				CLANG_WARN_DEPRECATED_OBJC_IMPLEMENTATIONS = YES;
				CLANG_WARN_DIRECT_OBJC_ISA_USAGE = YES_ERROR;
				CLANG_WARN_DOCUMENTATION_COMMENTS = YES;
				CLANG_WARN_EMPTY_BODY = YES;
				CLANG_WARN_ENUM_CONVERSION = YES;
				CLANG_WARN_INFINITE_RECURSION = YES;
				CLANG_WARN_INT_CONVERSION = YES;
				CLANG_WARN_NON_LITERAL_NULL_CONVERSION = YES;
				CLANG_WARN_OBJC_IMPLICIT_RETAIN_SELF = YES;
				CLANG_WARN_OBJC_LITERAL_CONVERSION = YES;
				CLANG_WARN_OBJC_ROOT_CLASS = YES_ERROR;
				CLANG_WARN_QUOTED_INCLUDE_IN_FRAMEWORK_HEADER = YES;
				CLANG_WARN_RANGE_LOOP_ANALYSIS = YES;
				CLANG_WARN_STRICT_PROTOTYPES = YES;
				CLANG_WARN_SUSPICIOUS_MOVE = YES;
				CLANG_WARN_UNGUARDED_AVAILABILITY = YES_AGGRESSIVE;
				CLANG_WARN_UNREACHABLE_CODE = YES;
				CLANG_WARN__DUPLICATE_METHOD_MATCH = YES;
				COPY_PHASE_STRIP = NO;
				DEBUG_INFORMATION_FORMAT = "dwarf-with-dsym";
				ENABLE_NS_ASSERTIONS = NO;
				ENABLE_STRICT_OBJC_MSGSEND = YES;
				GCC_C_LANGUAGE_STANDARD = gnu11;
				GCC_NO_COMMON_BLOCKS = YES;
				GCC_WARN_64_TO_32_BIT_CONVERSION = YES;
				GCC_WARN_ABOUT_RETURN_TYPE = YES_ERROR;
				GCC_WARN_UNDECLARED_SELECTOR = YES;
				GCC_WARN_UNINITIALIZED_AUTOS = YES_AGGRESSIVE;
				GCC_WARN_UNUSED_FUNCTION = YES;
				GCC_WARN_UNUSED_VARIABLE = YES;
				IPHONEOS_DEPLOYMENT_TARGET = 16.2;
				MTL_ENABLE_DEBUG_INFO = NO;
				MTL_FAST_MATH = YES;
				SDKROOT = iphoneos;
				SWIFT_COMPILATION_MODE = wholemodule;
				SWIFT_OPTIMIZATION_LEVEL = "-O";
				VALIDATE_PRODUCT = YES;
			};
			name = Release;
		};
		38D1AEBF2950186700B5E797 /* Debug */ = {
			isa = XCBuildConfiguration;
			buildSettings = {
				ASSETCATALOG_COMPILER_APPICON_NAME = AppIcon;
				ASSETCATALOG_COMPILER_GLOBAL_ACCENT_COLOR_NAME = AccentColor;
				CODE_SIGN_STYLE = Automatic;
				CURRENT_PROJECT_VERSION = 1;
				DEVELOPMENT_ASSET_PATHS = "\"Dub App/Preview Content\"";
				ENABLE_PREVIEWS = YES;
				GENERATE_INFOPLIST_FILE = YES;
				INFOPLIST_KEY_UIApplicationSceneManifest_Generation = YES;
				INFOPLIST_KEY_UIApplicationSupportsIndirectInputEvents = YES;
				INFOPLIST_KEY_UILaunchScreen_Generation = YES;
				INFOPLIST_KEY_UISupportedInterfaceOrientations_iPad = "UIInterfaceOrientationPortrait UIInterfaceOrientationPortraitUpsideDown UIInterfaceOrientationLandscapeLeft UIInterfaceOrientationLandscapeRight";
				INFOPLIST_KEY_UISupportedInterfaceOrientations_iPhone = "UIInterfaceOrientationPortrait UIInterfaceOrientationLandscapeLeft UIInterfaceOrientationLandscapeRight";
				LD_RUNPATH_SEARCH_PATHS = (
					"$(inherited)",
					"@executable_path/Frameworks",
				);
				MARKETING_VERSION = 1.0;
				PRODUCT_BUNDLE_IDENTIFIER = "DHA.Dub-App";
				PRODUCT_NAME = "$(TARGET_NAME)";
				SWIFT_EMIT_LOC_STRINGS = YES;
				SWIFT_VERSION = 5.0;
				TARGETED_DEVICE_FAMILY = "1,2";
			};
			name = Debug;
		};
		38D1AEC02950186700B5E797 /* Release */ = {
			isa = XCBuildConfiguration;
			buildSettings = {
				ASSETCATALOG_COMPILER_APPICON_NAME = AppIcon;
				ASSETCATALOG_COMPILER_GLOBAL_ACCENT_COLOR_NAME = AccentColor;
				CODE_SIGN_STYLE = Automatic;
				CURRENT_PROJECT_VERSION = 1;
				DEVELOPMENT_ASSET_PATHS = "\"Dub App/Preview Content\"";
				ENABLE_PREVIEWS = YES;
				GENERATE_INFOPLIST_FILE = YES;
				INFOPLIST_KEY_UIApplicationSceneManifest_Generation = YES;
				INFOPLIST_KEY_UIApplicationSupportsIndirectInputEvents = YES;
				INFOPLIST_KEY_UILaunchScreen_Generation = YES;
				INFOPLIST_KEY_UISupportedInterfaceOrientations_iPad = "UIInterfaceOrientationPortrait UIInterfaceOrientationPortraitUpsideDown UIInterfaceOrientationLandscapeLeft UIInterfaceOrientationLandscapeRight";
				INFOPLIST_KEY_UISupportedInterfaceOrientations_iPhone = "UIInterfaceOrientationPortrait UIInterfaceOrientationLandscapeLeft UIInterfaceOrientationLandscapeRight";
				LD_RUNPATH_SEARCH_PATHS = (
					"$(inherited)",
					"@executable_path/Frameworks",
				);
				MARKETING_VERSION = 1.0;
				PRODUCT_BUNDLE_IDENTIFIER = "DHA.Dub-App";
				PRODUCT_NAME = "$(TARGET_NAME)";
				SWIFT_EMIT_LOC_STRINGS = YES;
				SWIFT_VERSION = 5.0;
				TARGETED_DEVICE_FAMILY = "1,2";
			};
			name = Release;
		};
		38D1AEC22950186700B5E797 /* Debug */ = {
			isa = XCBuildConfiguration;
			buildSettings = {
				ALWAYS_EMBED_SWIFT_STANDARD_LIBRARIES = YES;
				BUNDLE_LOADER = "$(TEST_HOST)";
				CODE_SIGN_STYLE = Automatic;
				CURRENT_PROJECT_VERSION = 1;
				GENERATE_INFOPLIST_FILE = YES;
				IPHONEOS_DEPLOYMENT_TARGET = 16.2;
				MARKETING_VERSION = 1.0;
				PRODUCT_BUNDLE_IDENTIFIER = "DHA.Dub-AppTests";
				PRODUCT_NAME = "$(TARGET_NAME)";
				SWIFT_EMIT_LOC_STRINGS = NO;
				SWIFT_VERSION = 5.0;
				TARGETED_DEVICE_FAMILY = "1,2";
				TEST_HOST = "$(BUILT_PRODUCTS_DIR)/Dub App.app/$(BUNDLE_EXECUTABLE_FOLDER_PATH)/Dub App";
			};
			name = Debug;
		};
		38D1AEC32950186700B5E797 /* Release */ = {
			isa = XCBuildConfiguration;
			buildSettings = {
				ALWAYS_EMBED_SWIFT_STANDARD_LIBRARIES = YES;
				BUNDLE_LOADER = "$(TEST_HOST)";
				CODE_SIGN_STYLE = Automatic;
				CURRENT_PROJECT_VERSION = 1;
				GENERATE_INFOPLIST_FILE = YES;
				IPHONEOS_DEPLOYMENT_TARGET = 16.2;
				MARKETING_VERSION = 1.0;
				PRODUCT_BUNDLE_IDENTIFIER = "DHA.Dub-AppTests";
				PRODUCT_NAME = "$(TARGET_NAME)";
				SWIFT_EMIT_LOC_STRINGS = NO;
				SWIFT_VERSION = 5.0;
				TARGETED_DEVICE_FAMILY = "1,2";
				TEST_HOST = "$(BUILT_PRODUCTS_DIR)/Dub App.app/$(BUNDLE_EXECUTABLE_FOLDER_PATH)/Dub App";
			};
			name = Release;
		};
		38D1AEC52950186700B5E797 /* Debug */ = {
			isa = XCBuildConfiguration;
			buildSettings = {
				ALWAYS_EMBED_SWIFT_STANDARD_LIBRARIES = YES;
				CODE_SIGN_STYLE = Automatic;
				CURRENT_PROJECT_VERSION = 1;
				GENERATE_INFOPLIST_FILE = YES;
				MARKETING_VERSION = 1.0;
				PRODUCT_BUNDLE_IDENTIFIER = "DHA.Dub-AppUITests";
				PRODUCT_NAME = "$(TARGET_NAME)";
				SWIFT_EMIT_LOC_STRINGS = NO;
				SWIFT_VERSION = 5.0;
				TARGETED_DEVICE_FAMILY = "1,2";
				TEST_TARGET_NAME = "Dub App";
			};
			name = Debug;
		};
		38D1AEC62950186700B5E797 /* Release */ = {
			isa = XCBuildConfiguration;
			buildSettings = {
				ALWAYS_EMBED_SWIFT_STANDARD_LIBRARIES = YES;
				CODE_SIGN_STYLE = Automatic;
				CURRENT_PROJECT_VERSION = 1;
				GENERATE_INFOPLIST_FILE = YES;
				MARKETING_VERSION = 1.0;
				PRODUCT_BUNDLE_IDENTIFIER = "DHA.Dub-AppUITests";
				PRODUCT_NAME = "$(TARGET_NAME)";
				SWIFT_EMIT_LOC_STRINGS = NO;
				SWIFT_VERSION = 5.0;
				TARGETED_DEVICE_FAMILY = "1,2";
				TEST_TARGET_NAME = "Dub App";
			};
			name = Release;
		};
/* End XCBuildConfiguration section */

/* Begin XCConfigurationList section */
		38D1AE952950186600B5E797 /* Build configuration list for PBXProject "Dub App" */ = {
			isa = XCConfigurationList;
			buildConfigurations = (
				38D1AEBC2950186700B5E797 /* Debug */,
				38D1AEBD2950186700B5E797 /* Release */,
			);
			defaultConfigurationIsVisible = 0;
			defaultConfigurationName = Release;
		};
		38D1AEBE2950186700B5E797 /* Build configuration list for PBXNativeTarget "Dub App" */ = {
			isa = XCConfigurationList;
			buildConfigurations = (
				38D1AEBF2950186700B5E797 /* Debug */,
				38D1AEC02950186700B5E797 /* Release */,
			);
			defaultConfigurationIsVisible = 0;
			defaultConfigurationName = Release;
		};
		38D1AEC12950186700B5E797 /* Build configuration list for PBXNativeTarget "Dub AppTests" */ = {
			isa = XCConfigurationList;
			buildConfigurations = (
				38D1AEC22950186700B5E797 /* Debug */,
				38D1AEC32950186700B5E797 /* Release */,
			);
			defaultConfigurationIsVisible = 0;
			defaultConfigurationName = Release;
		};
		38D1AEC42950186700B5E797 /* Build configuration list for PBXNativeTarget "Dub AppUITests" */ = {
			isa = XCConfigurationList;
			buildConfigurations = (
				38D1AEC52950186700B5E797 /* Debug */,
				38D1AEC62950186700B5E797 /* Release */,
			);
			defaultConfigurationIsVisible = 0;
			defaultConfigurationName = Release;
		};
/* End XCConfigurationList section */
	};
	rootObject = 38D1AE922950186600B5E797 /* Project object */;
}
